
Microsoft Visual Studio Solution File, Format Version 12.00
# Visual Studio 2013
VisualStudioVersion = 12.0.30723.0
MinimumVisualStudioVersion = 10.0.40219.1
Project("{2150E333-8FDC-42A3-9474-1A3956D46DE8}") = "0 - Presentation", "0 - Presentation", "{5AA488FD-66BE-480C-AE06-9518FF0AC8BA}"
EndProject
Project("{2150E333-8FDC-42A3-9474-1A3956D46DE8}") = "1 - Services", "1 - Services", "{EF2507E2-E253-46CC-B526-59C081C0C96D}"
EndProject
Project("{2150E333-8FDC-42A3-9474-1A3956D46DE8}") = "2 -  Application", "2 -  Application", "{1F141C37-5966-44F7-92D6-19556029ED81}"
EndProject
Project("{2150E333-8FDC-42A3-9474-1A3956D46DE8}") = "3 - Dommain", "3 - Dommain", "{E69A5C36-B528-436D-85B6-644912C8002E}"
EndProject
Project("{2150E333-8FDC-42A3-9474-1A3956D46DE8}") = "4 - Infra", "4 - Infra", "{20785AF2-D7EC-4544-8B78-F56D40DC99E5}"
EndProject
Project("{2150E333-8FDC-42A3-9474-1A3956D46DE8}") = "4.1 - Data", "4.1 - Data", "{2CAB892C-FC89-4173-9679-B260C2F2EA6B}"
EndProject
Project("{2150E333-8FDC-42A3-9474-1A3956D46DE8}") = "4.2 CrossCounting", "4.2 CrossCounting", "{3948ADDE-910A-4625-9A59-2BE3433472D6}"
EndProject
Project("{FAE04EC0-301F-11D3-BF4B-00C04F79EFBC}") = "ProjetoModeloDDD.MVC", "ProjetoModeloDDD.MVC\ProjetoModeloDDD.MVC.csproj", "{1DE22E5E-1888-4484-9AF5-209A70133227}"
EndProject
Project("{FAE04EC0-301F-11D3-BF4B-00C04F79EFBC}") = "ProjetModeloDDD.Dommain", "ProjetModeloDDD.Dommain\ProjetModeloDDD.Dommain.csproj", "{D262A4B7-9DC8-420B-9302-101583D9CE9B}"
EndProject
Project("{FAE04EC0-301F-11D3-BF4B-00C04F79EFBC}") = "ProjetoModeloDDD.Infra.Data", "ProjetoModeloDDD.Infra.Data\ProjetoModeloDDD.Infra.Data.csproj", "{3ACC6F76-DB78-4C90-8CD2-D2B6A4C049C9}"
EndProject
Project("{FAE04EC0-301F-11D3-BF4B-00C04F79EFBC}") = "ProjetoModeloDDD.Application", "ProjetoModeloDDD.Application\ProjetoModeloDDD.Application.csproj", "{E103A106-3195-44E2-BD94-6C2ECA07D0AD}"
EndProject
Global
	GlobalSection(SolutionConfigurationPlatforms) = preSolution
		Debug|Any CPU = Debug|Any CPU
		Release|Any CPU = Release|Any CPU
	EndGlobalSection
	GlobalSection(ProjectConfigurationPlatforms) = postSolution
		{1DE22E5E-1888-4484-9AF5-209A70133227}.Debug|Any CPU.ActiveCfg = Debug|Any CPU
		{1DE22E5E-1888-4484-9AF5-209A70133227}.Debug|Any CPU.Build.0 = Debug|Any CPU
		{1DE22E5E-1888-4484-9AF5-209A70133227}.Release|Any CPU.ActiveCfg = Release|Any CPU
		{1DE22E5E-1888-4484-9AF5-209A70133227}.Release|Any CPU.Build.0 = Release|Any CPU
		{D262A4B7-9DC8-420B-9302-101583D9CE9B}.Debug|Any CPU.ActiveCfg = Debug|Any CPU
		{D262A4B7-9DC8-420B-9302-101583D9CE9B}.Debug|Any CPU.Build.0 = Debug|Any CPU
		{D262A4B7-9DC8-420B-9302-101583D9CE9B}.Release|Any CPU.ActiveCfg = Release|Any CPU
		{D262A4B7-9DC8-420B-9302-101583D9CE9B}.Release|Any CPU.Build.0 = Release|Any CPU
		{3ACC6F76-DB78-4C90-8CD2-D2B6A4C049C9}.Debug|Any CPU.ActiveCfg = Debug|Any CPU
		{3ACC6F76-DB78-4C90-8CD2-D2B6A4C049C9}.Debug|Any CPU.Build.0 = Debug|Any CPU
		{3ACC6F76-DB78-4C90-8CD2-D2B6A4C049C9}.Release|Any CPU.ActiveCfg = Release|Any CPU
		{3ACC6F76-DB78-4C90-8CD2-D2B6A4C049C9}.Release|Any CPU.Build.0 = Release|Any CPU
		{E103A106-3195-44E2-BD94-6C2ECA07D0AD}.Debug|Any CPU.ActiveCfg = Debug|Any CPU
		{E103A106-3195-44E2-BD94-6C2ECA07D0AD}.Debug|Any CPU.Build.0 = Debug|Any CPU
		{E103A106-3195-44E2-BD94-6C2ECA07D0AD}.Release|Any CPU.ActiveCfg = Release|Any CPU
		{E103A106-3195-44E2-BD94-6C2ECA07D0AD}.Release|Any CPU.Build.0 = Release|Any CPU
	EndGlobalSection
	GlobalSection(SolutionProperties) = preSolution
		HideSolutionNode = FALSE
	EndGlobalSection
	GlobalSection(NestedProjects) = preSolution
		{2CAB892C-FC89-4173-9679-B260C2F2EA6B} = {20785AF2-D7EC-4544-8B78-F56D40DC99E5}
		{3948ADDE-910A-4625-9A59-2BE3433472D6} = {20785AF2-D7EC-4544-8B78-F56D40DC99E5}
		{1DE22E5E-1888-4484-9AF5-209A70133227} = {5AA488FD-66BE-480C-AE06-9518FF0AC8BA}
		{D262A4B7-9DC8-420B-9302-101583D9CE9B} = {E69A5C36-B528-436D-85B6-644912C8002E}
		{3ACC6F76-DB78-4C90-8CD2-D2B6A4C049C9} = {2CAB892C-FC89-4173-9679-B260C2F2EA6B}
		{E103A106-3195-44E2-BD94-6C2ECA07D0AD} = {1F141C37-5966-44F7-92D6-19556029ED81}
	EndGlobalSection
EndGlobal
